
Microsoft Visual Studio Solution File, Format Version 12.00
# Visual Studio Version 17
VisualStudioVersion = 17.10.35004.147
MinimumVisualStudioVersion = 10.0.40219.1
Project("{FAE04EC0-301F-11D3-BF4B-00C04F79EFBC}") = "CleanArch.Domain", "CleanArch.Domain\CleanArch.Domain.csproj", "{8F8E93E7-4479-4F83-89FE-AB2C323B4910}"
EndProject
Project("{FAE04EC0-301F-11D3-BF4B-00C04F79EFBC}") = "CleanArch.Application", "CleanArch.Application\CleanArch.Application.csproj", "{969592BE-ADFF-40E7-BA45-4633026FCBB3}"
EndProject
Project("{FAE04EC0-301F-11D3-BF4B-00C04F79EFBC}") = "CleanArch.Infrastructure", "CleanArch.Infrastructure\CleanArch.Infrastructure.csproj", "{53A99160-4AA0-49B3-A4D7-80BA5C2E5677}"
EndProject
Project("{FAE04EC0-301F-11D3-BF4B-00C04F79EFBC}") = "CleanArch.CrossCuting", "CleanArch.CrossCuting\CleanArch.CrossCuting.csproj", "{185ACAB9-5E1F-4FB3-8A75-B6B46F2B427B}"
EndProject
Project("{FAE04EC0-301F-11D3-BF4B-00C04F79EFBC}") = "CleanArch.API", "CleanArch.API\CleanArch.API.csproj", "{7B93F259-E491-43A2-925D-AD78AD7FEF66}"
EndProject
Global
	GlobalSection(SolutionConfigurationPlatforms) = preSolution
		Debug|Any CPU = Debug|Any CPU
		Release|Any CPU = Release|Any CPU
	EndGlobalSection
	GlobalSection(ProjectConfigurationPlatforms) = postSolution
		{8F8E93E7-4479-4F83-89FE-AB2C323B4910}.Debug|Any CPU.ActiveCfg = Debug|Any CPU
		{8F8E93E7-4479-4F83-89FE-AB2C323B4910}.Debug|Any CPU.Build.0 = Debug|Any CPU
		{8F8E93E7-4479-4F83-89FE-AB2C323B4910}.Release|Any CPU.ActiveCfg = Release|Any CPU
		{8F8E93E7-4479-4F83-89FE-AB2C323B4910}.Release|Any CPU.Build.0 = Release|Any CPU
		{969592BE-ADFF-40E7-BA45-4633026FCBB3}.Debug|Any CPU.ActiveCfg = Debug|Any CPU
		{969592BE-ADFF-40E7-BA45-4633026FCBB3}.Debug|Any CPU.Build.0 = Debug|Any CPU
		{969592BE-ADFF-40E7-BA45-4633026FCBB3}.Release|Any CPU.ActiveCfg = Release|Any CPU
		{969592BE-ADFF-40E7-BA45-4633026FCBB3}.Release|Any CPU.Build.0 = Release|Any CPU
		{53A99160-4AA0-49B3-A4D7-80BA5C2E5677}.Debug|Any CPU.ActiveCfg = Debug|Any CPU
		{53A99160-4AA0-49B3-A4D7-80BA5C2E5677}.Debug|Any CPU.Build.0 = Debug|Any CPU
		{53A99160-4AA0-49B3-A4D7-80BA5C2E5677}.Release|Any CPU.ActiveCfg = Release|Any CPU
		{53A99160-4AA0-49B3-A4D7-80BA5C2E5677}.Release|Any CPU.Build.0 = Release|Any CPU
		{185ACAB9-5E1F-4FB3-8A75-B6B46F2B427B}.Debug|Any CPU.ActiveCfg = Debug|Any CPU
		{185ACAB9-5E1F-4FB3-8A75-B6B46F2B427B}.Debug|Any CPU.Build.0 = Debug|Any CPU
		{185ACAB9-5E1F-4FB3-8A75-B6B46F2B427B}.Release|Any CPU.ActiveCfg = Release|Any CPU
		{185ACAB9-5E1F-4FB3-8A75-B6B46F2B427B}.Release|Any CPU.Build.0 = Release|Any CPU
		{7B93F259-E491-43A2-925D-AD78AD7FEF66}.Debug|Any CPU.ActiveCfg = Debug|Any CPU
		{7B93F259-E491-43A2-925D-AD78AD7FEF66}.Debug|Any CPU.Build.0 = Debug|Any CPU
		{7B93F259-E491-43A2-925D-AD78AD7FEF66}.Release|Any CPU.ActiveCfg = Release|Any CPU
		{7B93F259-E491-43A2-925D-AD78AD7FEF66}.Release|Any CPU.Build.0 = Release|Any CPU
	EndGlobalSection
	GlobalSection(SolutionProperties) = preSolution
		HideSolutionNode = FALSE
	EndGlobalSection
	GlobalSection(ExtensibilityGlobals) = postSolution
		SolutionGuid = {E2A3E275-72B1-4E50-B951-D04FAC7FB670}
	EndGlobalSection
EndGlobal
